
Microsoft Visual Studio Solution File, Format Version 12.00
# Visual Studio Version 16
VisualStudioVersion = 16.0.31005.135
MinimumVisualStudioVersion = 10.0.40219.1
Project("{FAE04EC0-301F-11D3-BF4B-00C04F79EFBC}") = "Autorithation", "Autorithation.csproj", "{2FA7CC45-7FC3-4D0E-A812-4FAB6DC726EA}"
EndProject
Global
	GlobalSection(SolutionConfigurationPlatforms) = preSolution
		Debug|Any CPU = Debug|Any CPU
		Release|Any CPU = Release|Any CPU
	EndGlobalSection
	GlobalSection(ProjectConfigurationPlatforms) = postSolution
		{2FA7CC45-7FC3-4D0E-A812-4FAB6DC726EA}.Debug|Any CPU.ActiveCfg = Debug|Any CPU
		{2FA7CC45-7FC3-4D0E-A812-4FAB6DC726EA}.Debug|Any CPU.Build.0 = Debug|Any CPU
		{2FA7CC45-7FC3-4D0E-A812-4FAB6DC726EA}.Release|Any CPU.ActiveCfg = Release|Any CPU
		{2FA7CC45-7FC3-4D0E-A812-4FAB6DC726EA}.Release|Any CPU.Build.0 = Release|Any CPU
	EndGlobalSection
	GlobalSection(SolutionProperties) = preSolution
		HideSolutionNode = FALSE
	EndGlobalSection
	GlobalSection(ExtensibilityGlobals) = postSolution
		SolutionGuid = {DB6BD77E-9617-4978-A6B1-882C8C102CF9}
	EndGlobalSection
EndGlobal
